// !$*UTF8*$!
{
	archiveVersion = 1;
	classes = {
	};
	objectVersion = 46;
	objects = {

/* Begin PBXBuildFile section */
		818A73CA491922EF1B5B0897 /* libPods-CBTableViewControllerExamples.a in Frameworks */ = {isa = PBXBuildFile; fileRef = E0F7E92EB28CE6213541C09C /* libPods-CBTableViewControllerExamples.a */; };
		ADB9A5B41B6A1B0900256B81 /* ProjectItemModel.m in Sources */ = {isa = PBXBuildFile; fileRef = ADB9A5B31B6A1B0900256B81 /* ProjectItemModel.m */; };
		ADB9A5BC1B6A244C00256B81 /* CBTableViewCell.m in Sources */ = {isa = PBXBuildFile; fileRef = ADB9A5BA1B6A244C00256B81 /* CBTableViewCell.m */; };
		ADB9A5BD1B6A244C00256B81 /* CBTableViewCell.xib in Resources */ = {isa = PBXBuildFile; fileRef = ADB9A5BB1B6A244C00256B81 /* CBTableViewCell.xib */; };
		ADCB83F41B68E0650099AA7F /* main.m in Sources */ = {isa = PBXBuildFile; fileRef = ADCB83F31B68E0650099AA7F /* main.m */; };
		ADCB83F71B68E0650099AA7F /* AppDelegate.m in Sources */ = {isa = PBXBuildFile; fileRef = ADCB83F61B68E0650099AA7F /* AppDelegate.m */; };
		ADCB83FA1B68E0650099AA7F /* ViewController.m in Sources */ = {isa = PBXBuildFile; fileRef = ADCB83F91B68E0650099AA7F /* ViewController.m */; };
		ADCB83FD1B68E0650099AA7F /* Main.storyboard in Resources */ = {isa = PBXBuildFile; fileRef = ADCB83FB1B68E0650099AA7F /* Main.storyboard */; };
		ADCB83FF1B68E0650099AA7F /* Images.xcassets in Resources */ = {isa = PBXBuildFile; fileRef = ADCB83FE1B68E0650099AA7F /* Images.xcassets */; };
		ADCB84021B68E0650099AA7F /* LaunchScreen.xib in Resources */ = {isa = PBXBuildFile; fileRef = ADCB84001B68E0650099AA7F /* LaunchScreen.xib */; };
		ADCB840E1B68E0650099AA7F /* CBTableViewControllerExamplesTests.m in Sources */ = {isa = PBXBuildFile; fileRef = ADCB840D1B68E0650099AA7F /* CBTableViewControllerExamplesTests.m */; };
/* End PBXBuildFile section */

/* Begin PBXContainerItemProxy section */
		ADCB84081B68E0650099AA7F /* PBXContainerItemProxy */ = {
			isa = PBXContainerItemProxy;
			containerPortal = ADCB83E61B68E0650099AA7F /* Project object */;
			proxyType = 1;
			remoteGlobalIDString = ADCB83ED1B68E0650099AA7F;
			remoteInfo = CBTableViewControllerExamples;
		};
/* End PBXContainerItemProxy section */

/* Begin PBXFileReference section */
		ADB9A5B21B6A1B0900256B81 /* ProjectItemModel.h */ = {isa = PBXFileReference; fileEncoding = 4; lastKnownFileType = sourcecode.c.h; path = ProjectItemModel.h; sourceTree = "<group>"; };
		ADB9A5B31B6A1B0900256B81 /* ProjectItemModel.m */ = {isa = PBXFileReference; fileEncoding = 4; lastKnownFileType = sourcecode.c.objc; path = ProjectItemModel.m; sourceTree = "<group>"; };
		ADB9A5B91B6A244C00256B81 /* CBTableViewCell.h */ = {isa = PBXFileReference; fileEncoding = 4; lastKnownFileType = sourcecode.c.h; path = CBTableViewCell.h; sourceTree = "<group>"; };
		ADB9A5BA1B6A244C00256B81 /* CBTableViewCell.m */ = {isa = PBXFileReference; fileEncoding = 4; lastKnownFileType = sourcecode.c.objc; path = CBTableViewCell.m; sourceTree = "<group>"; };
		ADB9A5BB1B6A244C00256B81 /* CBTableViewCell.xib */ = {isa = PBXFileReference; fileEncoding = 4; lastKnownFileType = file.xib; path = CBTableViewCell.xib; sourceTree = "<group>"; };
		ADCB83EE1B68E0650099AA7F /* CBTableViewControllerExamples.app */ = {isa = PBXFileReference; explicitFileType = wrapper.application; includeInIndex = 0; path = CBTableViewControllerExamples.app; sourceTree = BUILT_PRODUCTS_DIR; };
		ADCB83F21B68E0650099AA7F /* Info.plist */ = {isa = PBXFileReference; lastKnownFileType = text.plist.xml; path = Info.plist; sourceTree = "<group>"; };
		ADCB83F31B68E0650099AA7F /* main.m */ = {isa = PBXFileReference; lastKnownFileType = sourcecode.c.objc; path = main.m; sourceTree = "<group>"; };
		ADCB83F51B68E0650099AA7F /* AppDelegate.h */ = {isa = PBXFileReference; lastKnownFileType = sourcecode.c.h; path = AppDelegate.h; sourceTree = "<group>"; };
		ADCB83F61B68E0650099AA7F /* AppDelegate.m */ = {isa = PBXFileReference; lastKnownFileType = sourcecode.c.objc; path = AppDelegate.m; sourceTree = "<group>"; };
		ADCB83F81B68E0650099AA7F /* ViewController.h */ = {isa = PBXFileReference; lastKnownFileType = sourcecode.c.h; path = ViewController.h; sourceTree = "<group>"; };
		ADCB83F91B68E0650099AA7F /* ViewController.m */ = {isa = PBXFileReference; lastKnownFileType = sourcecode.c.objc; path = ViewController.m; sourceTree = "<group>"; };
		ADCB83FC1B68E0650099AA7F /* Base */ = {isa = PBXFileReference; lastKnownFileType = file.storyboard; name = Base; path = Base.lproj/Main.storyboard; sourceTree = "<group>"; };
		ADCB83FE1B68E0650099AA7F /* Images.xcassets */ = {isa = PBXFileReference; lastKnownFileType = folder.assetcatalog; path = Images.xcassets; sourceTree = "<group>"; };
		ADCB84011B68E0650099AA7F /* Base */ = {isa = PBXFileReference; lastKnownFileType = file.xib; name = Base; path = Base.lproj/LaunchScreen.xib; sourceTree = "<group>"; };
		ADCB84071B68E0650099AA7F /* CBTableViewControllerExamplesTests.xctest */ = {isa = PBXFileReference; explicitFileType = wrapper.cfbundle; includeInIndex = 0; path = CBTableViewControllerExamplesTests.xctest; sourceTree = BUILT_PRODUCTS_DIR; };
		ADCB840C1B68E0650099AA7F /* Info.plist */ = {isa = PBXFileReference; lastKnownFileType = text.plist.xml; path = Info.plist; sourceTree = "<group>"; };
		ADCB840D1B68E0650099AA7F /* CBTableViewControllerExamplesTests.m */ = {isa = PBXFileReference; lastKnownFileType = sourcecode.c.objc; path = CBTableViewControllerExamplesTests.m; sourceTree = "<group>"; };
		E0F7E92EB28CE6213541C09C /* libPods-CBTableViewControllerExamples.a */ = {isa = PBXFileReference; explicitFileType = archive.ar; includeInIndex = 0; path = "libPods-CBTableViewControllerExamples.a"; sourceTree = BUILT_PRODUCTS_DIR; };
		ED8D8C09A2F2E1DA3A970EC2 /* Pods-CBTableViewControllerExamples.release.xcconfig */ = {isa = PBXFileReference; includeInIndex = 1; lastKnownFileType = text.xcconfig; name = "Pods-CBTableViewControllerExamples.release.xcconfig"; path = "Pods/Target Support Files/Pods-CBTableViewControllerExamples/Pods-CBTableViewControllerExamples.release.xcconfig"; sourceTree = "<group>"; };
		F561EFE6D3DEDCA682F1D312 /* Pods-CBTableViewControllerExamples.debug.xcconfig */ = {isa = PBXFileReference; includeInIndex = 1; lastKnownFileType = text.xcconfig; name = "Pods-CBTableViewControllerExamples.debug.xcconfig"; path = "Pods/Target Support Files/Pods-CBTableViewControllerExamples/Pods-CBTableViewControllerExamples.debug.xcconfig"; sourceTree = "<group>"; };
/* End PBXFileReference section */

/* Begin PBXFrameworksBuildPhase section */
		ADCB83EB1B68E0650099AA7F /* Frameworks */ = {
			isa = PBXFrameworksBuildPhase;
			buildActionMask = 2147483647;
			files = (
				818A73CA491922EF1B5B0897 /* libPods-CBTableViewControllerExamples.a in Frameworks */,
			);
			runOnlyForDeploymentPostprocessing = 0;
		};
		ADCB84041B68E0650099AA7F /* Frameworks */ = {
			isa = PBXFrameworksBuildPhase;
			buildActionMask = 2147483647;
			files = (
			);
			runOnlyForDeploymentPostprocessing = 0;
		};
/* End PBXFrameworksBuildPhase section */

/* Begin PBXGroup section */
		6031F1FF5E4877FDE243DC80 /* Pods */ = {
			isa = PBXGroup;
			children = (
				F561EFE6D3DEDCA682F1D312 /* Pods-CBTableViewControllerExamples.debug.xcconfig */,
				ED8D8C09A2F2E1DA3A970EC2 /* Pods-CBTableViewControllerExamples.release.xcconfig */,
			);
			name = Pods;
			sourceTree = "<group>";
		};
		ADB9A5B11B6A1AEB00256B81 /* model */ = {
			isa = PBXGroup;
			children = (
				ADB9A5B21B6A1B0900256B81 /* ProjectItemModel.h */,
				ADB9A5B31B6A1B0900256B81 /* ProjectItemModel.m */,
			);
			name = model;
			sourceTree = "<group>";
		};
		ADB9A5B51B6A23DF00256B81 /* tablecell */ = {
			isa = PBXGroup;
			children = (
				ADB9A5B91B6A244C00256B81 /* CBTableViewCell.h */,
				ADB9A5BA1B6A244C00256B81 /* CBTableViewCell.m */,
				ADB9A5BB1B6A244C00256B81 /* CBTableViewCell.xib */,
			);
			name = tablecell;
			sourceTree = "<group>";
		};
		ADCB83E51B68E0650099AA7F = {
			isa = PBXGroup;
			children = (
				ADCB83F01B68E0650099AA7F /* CBTableViewControllerExamples */,
				ADCB840A1B68E0650099AA7F /* CBTableViewControllerExamplesTests */,
				ADCB83EF1B68E0650099AA7F /* Products */,
				6031F1FF5E4877FDE243DC80 /* Pods */,
				E6D2AA46E87EE8E8EB947BBF /* Frameworks */,
			);
			sourceTree = "<group>";
		};
		ADCB83EF1B68E0650099AA7F /* Products */ = {
			isa = PBXGroup;
			children = (
				ADCB83EE1B68E0650099AA7F /* CBTableViewControllerExamples.app */,
				ADCB84071B68E0650099AA7F /* CBTableViewControllerExamplesTests.xctest */,
			);
			name = Products;
			sourceTree = "<group>";
		};
		ADCB83F01B68E0650099AA7F /* CBTableViewControllerExamples */ = {
			isa = PBXGroup;
			children = (
				ADB9A5B51B6A23DF00256B81 /* tablecell */,
				ADB9A5B11B6A1AEB00256B81 /* model */,
				ADCB83F51B68E0650099AA7F /* AppDelegate.h */,
				ADCB83F61B68E0650099AA7F /* AppDelegate.m */,
				ADCB83F81B68E0650099AA7F /* ViewController.h */,
				ADCB83F91B68E0650099AA7F /* ViewController.m */,
				ADCB83FB1B68E0650099AA7F /* Main.storyboard */,
				ADCB83FE1B68E0650099AA7F /* Images.xcassets */,
				ADCB84001B68E0650099AA7F /* LaunchScreen.xib */,
				ADCB83F11B68E0650099AA7F /* Supporting Files */,
			);
			path = CBTableViewControllerExamples;
			sourceTree = "<group>";
		};
		ADCB83F11B68E0650099AA7F /* Supporting Files */ = {
			isa = PBXGroup;
			children = (
				ADCB83F21B68E0650099AA7F /* Info.plist */,
				ADCB83F31B68E0650099AA7F /* main.m */,
			);
			name = "Supporting Files";
			sourceTree = "<group>";
		};
		ADCB840A1B68E0650099AA7F /* CBTableViewControllerExamplesTests */ = {
			isa = PBXGroup;
			children = (
				ADCB840D1B68E0650099AA7F /* CBTableViewControllerExamplesTests.m */,
				ADCB840B1B68E0650099AA7F /* Supporting Files */,
			);
			path = CBTableViewControllerExamplesTests;
			sourceTree = "<group>";
		};
		ADCB840B1B68E0650099AA7F /* Supporting Files */ = {
			isa = PBXGroup;
			children = (
				ADCB840C1B68E0650099AA7F /* Info.plist */,
			);
			name = "Supporting Files";
			sourceTree = "<group>";
		};
		E6D2AA46E87EE8E8EB947BBF /* Frameworks */ = {
			isa = PBXGroup;
			children = (
				E0F7E92EB28CE6213541C09C /* libPods-CBTableViewControllerExamples.a */,
			);
			name = Frameworks;
			sourceTree = "<group>";
		};
/* End PBXGroup section */

/* Begin PBXNativeTarget section */
		ADCB83ED1B68E0650099AA7F /* CBTableViewControllerExamples */ = {
			isa = PBXNativeTarget;
			buildConfigurationList = ADCB84111B68E0650099AA7F /* Build configuration list for PBXNativeTarget "CBTableViewControllerExamples" */;
			buildPhases = (
				AD34D9E2BC693A4B75271CF8 /* Check Pods Manifest.lock */,
				ADCB83EA1B68E0650099AA7F /* Sources */,
				ADCB83EB1B68E0650099AA7F /* Frameworks */,
				ADCB83EC1B68E0650099AA7F /* Resources */,
				D76B016763DF1B8BE1DCBBC2 /* Copy Pods Resources */,
			);
			buildRules = (
			);
			dependencies = (
			);
			name = CBTableViewControllerExamples;
			productName = CBTableViewControllerExamples;
			productReference = ADCB83EE1B68E0650099AA7F /* CBTableViewControllerExamples.app */;
			productType = "com.apple.product-type.application";
		};
		ADCB84061B68E0650099AA7F /* CBTableViewControllerExamplesTests */ = {
			isa = PBXNativeTarget;
			buildConfigurationList = ADCB84141B68E0650099AA7F /* Build configuration list for PBXNativeTarget "CBTableViewControllerExamplesTests" */;
			buildPhases = (
				ADCB84031B68E0650099AA7F /* Sources */,
				ADCB84041B68E0650099AA7F /* Frameworks */,
				ADCB84051B68E0650099AA7F /* Resources */,
			);
			buildRules = (
			);
			dependencies = (
				ADCB84091B68E0650099AA7F /* PBXTargetDependency */,
			);
			name = CBTableViewControllerExamplesTests;
			productName = CBTableViewControllerExamplesTests;
			productReference = ADCB84071B68E0650099AA7F /* CBTableViewControllerExamplesTests.xctest */;
			productType = "com.apple.product-type.bundle.unit-test";
		};
/* End PBXNativeTarget section */

/* Begin PBXProject section */
		ADCB83E61B68E0650099AA7F /* Project object */ = {
			isa = PBXProject;
			attributes = {
				LastUpgradeCheck = 0640;
				ORGANIZATIONNAME = coderbook;
				TargetAttributes = {
					ADCB83ED1B68E0650099AA7F = {
						CreatedOnToolsVersion = 6.4;
					};
					ADCB84061B68E0650099AA7F = {
						CreatedOnToolsVersion = 6.4;
						TestTargetID = ADCB83ED1B68E0650099AA7F;
					};
				};
			};
			buildConfigurationList = ADCB83E91B68E0650099AA7F /* Build configuration list for PBXProject "CBTableViewControllerExamples" */;
			compatibilityVersion = "Xcode 3.2";
			developmentRegion = English;
			hasScannedForEncodings = 0;
			knownRegions = (
				en,
				Base,
			);
			mainGroup = ADCB83E51B68E0650099AA7F;
			productRefGroup = ADCB83EF1B68E0650099AA7F /* Products */;
			projectDirPath = "";
			projectRoot = "";
			targets = (
				ADCB83ED1B68E0650099AA7F /* CBTableViewControllerExamples */,
				ADCB84061B68E0650099AA7F /* CBTableViewControllerExamplesTests */,
			);
		};
/* End PBXProject section */

/* Begin PBXResourcesBuildPhase section */
		ADCB83EC1B68E0650099AA7F /* Resources */ = {
			isa = PBXResourcesBuildPhase;
			buildActionMask = 2147483647;
			files = (
				ADB9A5BD1B6A244C00256B81 /* CBTableViewCell.xib in Resources */,
				ADCB83FD1B68E0650099AA7F /* Main.storyboard in Resources */,
				ADCB84021B68E0650099AA7F /* LaunchScreen.xib in Resources */,
				ADCB83FF1B68E0650099AA7F /* Images.xcassets in Resources */,
			);
			runOnlyForDeploymentPostprocessing = 0;
		};
		ADCB84051B68E0650099AA7F /* Resources */ = {
			isa = PBXResourcesBuildPhase;
			buildActionMask = 2147483647;
			files = (
			);
			runOnlyForDeploymentPostprocessing = 0;
		};
/* End PBXResourcesBuildPhase section */

/* Begin PBXShellScriptBuildPhase section */
		AD34D9E2BC693A4B75271CF8 /* Check Pods Manifest.lock */ = {
			isa = PBXShellScriptBuildPhase;
			buildActionMask = 2147483647;
			files = (
			);
			inputPaths = (
			);
			name = "Check Pods Manifest.lock";
			outputPaths = (
			);
			runOnlyForDeploymentPostprocessing = 0;
			shellPath = /bin/sh;
			shellScript = "diff \"${PODS_ROOT}/../Podfile.lock\" \"${PODS_ROOT}/Manifest.lock\" > /dev/null\nif [[ $? != 0 ]] ; then\n    cat << EOM\nerror: The sandbox is not in sync with the Podfile.lock. Run 'pod install' or update your CocoaPods installation.\nEOM\n    exit 1\nfi\n";
			showEnvVarsInLog = 0;
		};
		D76B016763DF1B8BE1DCBBC2 /* Copy Pods Resources */ = {
			isa = PBXShellScriptBuildPhase;
			buildActionMask = 2147483647;
			files = (
			);
			inputPaths = (
			);
			name = "Copy Pods Resources";
			outputPaths = (
			);
			runOnlyForDeploymentPostprocessing = 0;
			shellPath = /bin/sh;
			shellScript = "\"${SRCROOT}/Pods/Target Support Files/Pods-CBTableViewControllerExamples/Pods-CBTableViewControllerExamples-resources.sh\"\n";
			showEnvVarsInLog = 0;
		};
/* End PBXShellScriptBuildPhase section */

/* Begin PBXSourcesBuildPhase section */
		ADCB83EA1B68E0650099AA7F /* Sources */ = {
			isa = PBXSourcesBuildPhase;
			buildActionMask = 2147483647;
			files = (
				ADB9A5B41B6A1B0900256B81 /* ProjectItemModel.m in Sources */,
				ADCB83FA1B68E0650099AA7F /* ViewController.m in Sources */,
				ADB9A5BC1B6A244C00256B81 /* CBTableViewCell.m in Sources */,
				ADCB83F71B68E0650099AA7F /* AppDelegate.m in Sources */,
				ADCB83F41B68E0650099AA7F /* main.m in Sources */,
			);
			runOnlyForDeploymentPostprocessing = 0;
		};
		ADCB84031B68E0650099AA7F /* Sources */ = {
			isa = PBXSourcesBuildPhase;
			buildActionMask = 2147483647;
			files = (
				ADCB840E1B68E0650099AA7F /* CBTableViewControllerExamplesTests.m in Sources */,
			);
			runOnlyForDeploymentPostprocessing = 0;
		};
/* End PBXSourcesBuildPhase section */

/* Begin PBXTargetDependency section */
		ADCB84091B68E0650099AA7F /* PBXTargetDependency */ = {
			isa = PBXTargetDependency;
			target = ADCB83ED1B68E0650099AA7F /* CBTableViewControllerExamples */;
			targetProxy = ADCB84081B68E0650099AA7F /* PBXContainerItemProxy */;
		};
/* End PBXTargetDependency section */

/* Begin PBXVariantGroup section */
		ADCB83FB1B68E0650099AA7F /* Main.storyboard */ = {
			isa = PBXVariantGroup;
			children = (
				ADCB83FC1B68E0650099AA7F /* Base */,
			);
			name = Main.storyboard;
			sourceTree = "<group>";
		};
		ADCB84001B68E0650099AA7F /* LaunchScreen.xib */ = {
			isa = PBXVariantGroup;
			children = (
				ADCB84011B68E0650099AA7F /* Base */,
			);
			name = LaunchScreen.xib;
			sourceTree = "<group>";
		};
/* End PBXVariantGroup section */

/* Begin XCBuildConfiguration section */
		ADCB840F1B68E0650099AA7F /* Debug */ = {
			isa = XCBuildConfiguration;
			buildSettings = {
				ALWAYS_SEARCH_USER_PATHS = NO;
				CLANG_CXX_LANGUAGE_STANDARD = "gnu++0x";
				CLANG_CXX_LIBRARY = "libc++";
				CLANG_ENABLE_MODULES = YES;
				CLANG_ENABLE_OBJC_ARC = YES;
				CLANG_WARN_BOOL_CONVERSION = YES;
				CLANG_WARN_CONSTANT_CONVERSION = YES;
				CLANG_WARN_DIRECT_OBJC_ISA_USAGE = YES_ERROR;
				CLANG_WARN_EMPTY_BODY = YES;
				CLANG_WARN_ENUM_CONVERSION = YES;
				CLANG_WARN_INT_CONVERSION = YES;
				CLANG_WARN_OBJC_ROOT_CLASS = YES_ERROR;
				CLANG_WARN_UNREACHABLE_CODE = YES;
				CLANG_WARN__DUPLICATE_METHOD_MATCH = YES;
				"CODE_SIGN_IDENTITY[sdk=iphoneos*]" = "iPhone Developer";
				COPY_PHASE_STRIP = NO;
				DEBUG_INFORMATION_FORMAT = "dwarf-with-dsym";
				ENABLE_STRICT_OBJC_MSGSEND = YES;
				GCC_C_LANGUAGE_STANDARD = gnu99;
				GCC_DYNAMIC_NO_PIC = NO;
				GCC_NO_COMMON_BLOCKS = YES;
				GCC_OPTIMIZATION_LEVEL = 0;
				GCC_PREPROCESSOR_DEFINITIONS = (
					"DEBUG=1",
					"$(inherited)",
				);
				GCC_SYMBOLS_PRIVATE_EXTERN = NO;
				GCC_WARN_64_TO_32_BIT_CONVERSION = YES;
				GCC_WARN_ABOUT_RETURN_TYPE = YES_ERROR;
				GCC_WARN_UNDECLARED_SELECTOR = YES;
				GCC_WARN_UNINITIALIZED_AUTOS = YES_AGGRESSIVE;
				GCC_WARN_UNUSED_FUNCTION = YES;
				GCC_WARN_UNUSED_VARIABLE = YES;
				IPHONEOS_DEPLOYMENT_TARGET = 8.4;
				MTL_ENABLE_DEBUG_INFO = YES;
				ONLY_ACTIVE_ARCH = YES;
				SDKROOT = iphoneos;
				TARGETED_DEVICE_FAMILY = "1,2";
			};
			name = Debug;
		};
		ADCB84101B68E0650099AA7F /* Release */ = {
			isa = XCBuildConfiguration;
			buildSettings = {
				ALWAYS_SEARCH_USER_PATHS = NO;
				CLANG_CXX_LANGUAGE_STANDARD = "gnu++0x";
				CLANG_CXX_LIBRARY = "libc++";
				CLANG_ENABLE_MODULES = YES;
				CLANG_ENABLE_OBJC_ARC = YES;
				CLANG_WARN_BOOL_CONVERSION = YES;
				CLANG_WARN_CONSTANT_CONVERSION = YES;
				CLANG_WARN_DIRECT_OBJC_ISA_USAGE = YES_ERROR;
				CLANG_WARN_EMPTY_BODY = YES;
				CLANG_WARN_ENUM_CONVERSION = YES;
				CLANG_WARN_INT_CONVERSION = YES;
				CLANG_WARN_OBJC_ROOT_CLASS = YES_ERROR;
				CLANG_WARN_UNREACHABLE_CODE = YES;
				CLANG_WARN__DUPLICATE_METHOD_MATCH = YES;
				"CODE_SIGN_IDENTITY[sdk=iphoneos*]" = "iPhone Developer";
				COPY_PHASE_STRIP = NO;
				DEBUG_INFORMATION_FORMAT = "dwarf-with-dsym";
				ENABLE_NS_ASSERTIONS = NO;
				ENABLE_STRICT_OBJC_MSGSEND = YES;
				GCC_C_LANGUAGE_STANDARD = gnu99;
				GCC_NO_COMMON_BLOCKS = YES;
				GCC_WARN_64_TO_32_BIT_CONVERSION = YES;
				GCC_WARN_ABOUT_RETURN_TYPE = YES_ERROR;
				GCC_WARN_UNDECLARED_SELECTOR = YES;
				GCC_WARN_UNINITIALIZED_AUTOS = YES_AGGRESSIVE;
				GCC_WARN_UNUSED_FUNCTION = YES;
				GCC_WARN_UNUSED_VARIABLE = YES;
				IPHONEOS_DEPLOYMENT_TARGET = 8.4;
				MTL_ENABLE_DEBUG_INFO = NO;
				SDKROOT = iphoneos;
				TARGETED_DEVICE_FAMILY = "1,2";
				VALIDATE_PRODUCT = YES;
			};
			name = Release;
		};
		ADCB84121B68E0650099AA7F /* Debug */ = {
			isa = XCBuildConfiguration;
			baseConfigurationReference = F561EFE6D3DEDCA682F1D312 /* Pods-CBTableViewControllerExamples.debug.xcconfig */;
			buildSettings = {
				ASSETCATALOG_COMPILER_APPICON_NAME = AppIcon;
				INFOPLIST_FILE = CBTableViewControllerExamples/Info.plist;
				LD_RUNPATH_SEARCH_PATHS = "$(inherited) @executable_path/Frameworks";
				PRODUCT_NAME = "$(TARGET_NAME)";
			};
			name = Debug;
		};
		ADCB84131B68E0650099AA7F /* Release */ = {
			isa = XCBuildConfiguration;
			baseConfigurationReference = ED8D8C09A2F2E1DA3A970EC2 /* Pods-CBTableViewControllerExamples.release.xcconfig */;
			buildSettings = {
				ASSETCATALOG_COMPILER_APPICON_NAME = AppIcon;
				INFOPLIST_FILE = CBTableViewControllerExamples/Info.plist;
				LD_RUNPATH_SEARCH_PATHS = "$(inherited) @executable_path/Frameworks";
				PRODUCT_NAME = "$(TARGET_NAME)";
			};
			name = Release;
		};
		ADCB84151B68E0650099AA7F /* Debug */ = {
			isa = XCBuildConfiguration;
			buildSettings = {
				BUNDLE_LOADER = "$(TEST_HOST)";
				FRAMEWORK_SEARCH_PATHS = (
					"$(SDKROOT)/Developer/Library/Frameworks",
					"$(inherited)",
				);
				GCC_PREPROCESSOR_DEFINITIONS = (
					"DEBUG=1",
					"$(inherited)",
				);
				INFOPLIST_FILE = CBTableViewControllerExamplesTests/Info.plist;
				LD_RUNPATH_SEARCH_PATHS = "$(inherited) @executable_path/Frameworks @loader_path/Frameworks";
				PRODUCT_NAME = "$(TARGET_NAME)";
				TEST_HOST = "$(BUILT_PRODUCTS_DIR)/CBTableViewControllerExamples.app/CBTableViewControllerExamples";
			};
			name = Debug;
		};
		ADCB84161B68E0650099AA7F /* Release */ = {
			isa = XCBuildConfiguration;
			buildSettings = {
				BUNDLE_LOADER = "$(TEST_HOST)";
				FRAMEWORK_SEARCH_PATHS = (
					"$(SDKROOT)/Developer/Library/Frameworks",
					"$(inherited)",
				);
				INFOPLIST_FILE = CBTableViewControllerExamplesTests/Info.plist;
				LD_RUNPATH_SEARCH_PATHS = "$(inherited) @executable_path/Frameworks @loader_path/Frameworks";
				PRODUCT_NAME = "$(TARGET_NAME)";
				TEST_HOST = "$(BUILT_PRODUCTS_DIR)/CBTableViewControllerExamples.app/CBTableViewControllerExamples";
			};
			name = Release;
		};
/* End XCBuildConfiguration section */

/* Begin XCConfigurationList section */
		ADCB83E91B68E0650099AA7F /* Build configuration list for PBXProject "CBTableViewControllerExamples" */ = {
			isa = XCConfigurationList;
			buildConfigurations = (
				ADCB840F1B68E0650099AA7F /* Debug */,
				ADCB84101B68E0650099AA7F /* Release */,
			);
			defaultConfigurationIsVisible = 0;
			defaultConfigurationName = Release;
		};
		ADCB84111B68E0650099AA7F /* Build configuration list for PBXNativeTarget "CBTableViewControllerExamples" */ = {
			isa = XCConfigurationList;
			buildConfigurations = (
				ADCB84121B68E0650099AA7F /* Debug */,
				ADCB84131B68E0650099AA7F /* Release */,
			);
			defaultConfigurationIsVisible = 0;
			defaultConfigurationName = Release;
		};
		ADCB84141B68E0650099AA7F /* Build configuration list for PBXNativeTarget "CBTableViewControllerExamplesTests" */ = {
			isa = XCConfigurationList;
			buildConfigurations = (
				ADCB84151B68E0650099AA7F /* Debug */,
				ADCB84161B68E0650099AA7F /* Release */,
			);
			defaultConfigurationIsVisible = 0;
			defaultConfigurationName = Release;
		};
/* End XCConfigurationList section */
	};
	rootObject = ADCB83E61B68E0650099AA7F /* Project object */;
}
