// !$*UTF8*$!
{
	archiveVersion = 1;
	classes = {
	};
	objectVersion = 46;
	objects = {

/* Begin PBXBuildFile section */
		ADCE0B9B1B6624A70096683A /* CBTableViewController.h in CopyFiles */ = {isa = PBXBuildFile; fileRef = ADCE0B9A1B6624A70096683A /* CBTableViewController.h */; };
		ADCE0B9D1B6624A70096683A /* CBTableViewController.m in Sources */ = {isa = PBXBuildFile; fileRef = ADCE0B9C1B6624A70096683A /* CBTableViewController.m */; };
		ADCE0BA31B6624A70096683A /* libCBTableViewController.a in Frameworks */ = {isa = PBXBuildFile; fileRef = ADCE0B971B6624A70096683A /* libCBTableViewController.a */; };
/* End PBXBuildFile section */

/* Begin PBXContainerItemProxy section */
		ADCE0BA41B6624A70096683A /* PBXContainerItemProxy */ = {
			isa = PBXContainerItemProxy;
			containerPortal = ADCE0B8F1B6624A70096683A /* Project object */;
			proxyType = 1;
			remoteGlobalIDString = ADCE0B961B6624A70096683A;
			remoteInfo = CBTableViewController;
		};
/* End PBXContainerItemProxy section */

/* Begin PBXCopyFilesBuildPhase section */
		ADCE0B951B6624A70096683A /* CopyFiles */ = {
			isa = PBXCopyFilesBuildPhase;
			buildActionMask = 2147483647;
			dstPath = "include/$(PRODUCT_NAME)";
			dstSubfolderSpec = 16;
			files = (
				ADCE0B9B1B6624A70096683A /* CBTableViewController.h in CopyFiles */,
			);
			runOnlyForDeploymentPostprocessing = 0;
		};
/* End PBXCopyFilesBuildPhase section */

/* Begin PBXFileReference section */
		ADCE0B971B6624A70096683A /* libCBTableViewController.a */ = {isa = PBXFileReference; explicitFileType = archive.ar; includeInIndex = 0; path = libCBTableViewController.a; sourceTree = BUILT_PRODUCTS_DIR; };
		ADCE0B9A1B6624A70096683A /* CBTableViewController.h */ = {isa = PBXFileReference; lastKnownFileType = sourcecode.c.h; path = CBTableViewController.h; sourceTree = "<group>"; };
		ADCE0B9C1B6624A70096683A /* CBTableViewController.m */ = {isa = PBXFileReference; lastKnownFileType = sourcecode.c.objc; path = CBTableViewController.m; sourceTree = "<group>"; };
		ADCE0BA21B6624A70096683A /* CBTableViewControllerTests.xctest */ = {isa = PBXFileReference; explicitFileType = wrapper.cfbundle; includeInIndex = 0; path = CBTableViewControllerTests.xctest; sourceTree = BUILT_PRODUCTS_DIR; };
		ADCE0BA81B6624A70096683A /* Info.plist */ = {isa = PBXFileReference; lastKnownFileType = text.plist.xml; path = Info.plist; sourceTree = "<group>"; };
/* End PBXFileReference section */

/* Begin PBXFrameworksBuildPhase section */
		ADCE0B941B6624A70096683A /* Frameworks */ = {
			isa = PBXFrameworksBuildPhase;
			buildActionMask = 2147483647;
			files = (
			);
			runOnlyForDeploymentPostprocessing = 0;
		};
		ADCE0B9F1B6624A70096683A /* Frameworks */ = {
			isa = PBXFrameworksBuildPhase;
			buildActionMask = 2147483647;
			files = (
				ADCE0BA31B6624A70096683A /* libCBTableViewController.a in Frameworks */,
			);
			runOnlyForDeploymentPostprocessing = 0;
		};
/* End PBXFrameworksBuildPhase section */

/* Begin PBXGroup section */
		ADCE0B8E1B6624A70096683A = {
			isa = PBXGroup;
			children = (
				ADCE0B991B6624A70096683A /* CBTableViewController */,
				ADCE0BA61B6624A70096683A /* CBTableViewControllerTests */,
				ADCE0B981B6624A70096683A /* Products */,
			);
			sourceTree = "<group>";
		};
		ADCE0B981B6624A70096683A /* Products */ = {
			isa = PBXGroup;
			children = (
				ADCE0B971B6624A70096683A /* libCBTableViewController.a */,
				ADCE0BA21B6624A70096683A /* CBTableViewControllerTests.xctest */,
			);
			name = Products;
			sourceTree = "<group>";
		};
		ADCE0B991B6624A70096683A /* CBTableViewController */ = {
			isa = PBXGroup;
			children = (
				ADCE0BB11B6626A40096683A /* network */,
				ADCE0B9A1B6624A70096683A /* CBTableViewController.h */,
				ADCE0B9C1B6624A70096683A /* CBTableViewController.m */,
			);
			path = CBTableViewController;
			sourceTree = "<group>";
		};
		ADCE0BA61B6624A70096683A /* CBTableViewControllerTests */ = {
			isa = PBXGroup;
			children = (
				ADCE0BA71B6624A70096683A /* Supporting Files */,
			);
			path = CBTableViewControllerTests;
			sourceTree = "<group>";
		};
		ADCE0BA71B6624A70096683A /* Supporting Files */ = {
			isa = PBXGroup;
			children = (
				ADCE0BA81B6624A70096683A /* Info.plist */,
			);
			name = "Supporting Files";
			sourceTree = "<group>";
		};
		ADCE0BB11B6626A40096683A /* network */ = {
			isa = PBXGroup;
			children = (
			);
			name = network;
			sourceTree = "<group>";
		};
/* End PBXGroup section */

/* Begin PBXNativeTarget section */
		ADCE0B961B6624A70096683A /* CBTableViewController */ = {
			isa = PBXNativeTarget;
			buildConfigurationList = ADCE0BAB1B6624A70096683A /* Build configuration list for PBXNativeTarget "CBTableViewController" */;
			buildPhases = (
				ADCE0B931B6624A70096683A /* Sources */,
				ADCE0B941B6624A70096683A /* Frameworks */,
				ADCE0B951B6624A70096683A /* CopyFiles */,
			);
			buildRules = (
			);
			dependencies = (
			);
			name = CBTableViewController;
			productName = CBTableViewController;
			productReference = ADCE0B971B6624A70096683A /* libCBTableViewController.a */;
			productType = "com.apple.product-type.library.static";
		};
		ADCE0BA11B6624A70096683A /* CBTableViewControllerTests */ = {
			isa = PBXNativeTarget;
			buildConfigurationList = ADCE0BAE1B6624A70096683A /* Build configuration list for PBXNativeTarget "CBTableViewControllerTests" */;
			buildPhases = (
				ADCE0B9E1B6624A70096683A /* Sources */,
				ADCE0B9F1B6624A70096683A /* Frameworks */,
				ADCE0BA01B6624A70096683A /* Resources */,
			);
			buildRules = (
			);
			dependencies = (
				ADCE0BA51B6624A70096683A /* PBXTargetDependency */,
			);
			name = CBTableViewControllerTests;
			productName = CBTableViewControllerTests;
			productReference = ADCE0BA21B6624A70096683A /* CBTableViewControllerTests.xctest */;
			productType = "com.apple.product-type.bundle.unit-test";
		};
/* End PBXNativeTarget section */

/* Begin PBXProject section */
		ADCE0B8F1B6624A70096683A /* Project object */ = {
			isa = PBXProject;
			attributes = {
				LastUpgradeCheck = 0640;
				ORGANIZATIONNAME = coderbook;
				TargetAttributes = {
					ADCE0B961B6624A70096683A = {
						CreatedOnToolsVersion = 6.4;
					};
					ADCE0BA11B6624A70096683A = {
						CreatedOnToolsVersion = 6.4;
					};
				};
			};
			buildConfigurationList = ADCE0B921B6624A70096683A /* Build configuration list for PBXProject "CBTableViewController" */;
			compatibilityVersion = "Xcode 3.2";
			developmentRegion = English;
			hasScannedForEncodings = 0;
			knownRegions = (
				en,
			);
			mainGroup = ADCE0B8E1B6624A70096683A;
			productRefGroup = ADCE0B981B6624A70096683A /* Products */;
			projectDirPath = "";
			projectRoot = "";
			targets = (
				ADCE0B961B6624A70096683A /* CBTableViewController */,
				ADCE0BA11B6624A70096683A /* CBTableViewControllerTests */,
			);
		};
/* End PBXProject section */

/* Begin PBXResourcesBuildPhase section */
		ADCE0BA01B6624A70096683A /* Resources */ = {
			isa = PBXResourcesBuildPhase;
			buildActionMask = 2147483647;
			files = (
			);
			runOnlyForDeploymentPostprocessing = 0;
		};
/* End PBXResourcesBuildPhase section */

/* Begin PBXSourcesBuildPhase section */
		ADCE0B931B6624A70096683A /* Sources */ = {
			isa = PBXSourcesBuildPhase;
			buildActionMask = 2147483647;
			files = (
				ADCE0B9D1B6624A70096683A /* CBTableViewController.m in Sources */,
			);
			runOnlyForDeploymentPostprocessing = 0;
		};
		ADCE0B9E1B6624A70096683A /* Sources */ = {
			isa = PBXSourcesBuildPhase;
			buildActionMask = 2147483647;
			files = (
			);
			runOnlyForDeploymentPostprocessing = 0;
		};
/* End PBXSourcesBuildPhase section */

/* Begin PBXTargetDependency section */
		ADCE0BA51B6624A70096683A /* PBXTargetDependency */ = {
			isa = PBXTargetDependency;
			target = ADCE0B961B6624A70096683A /* CBTableViewController */;
			targetProxy = ADCE0BA41B6624A70096683A /* PBXContainerItemProxy */;
		};
/* End PBXTargetDependency section */

/* Begin XCBuildConfiguration section */
		ADCE0BA91B6624A70096683A /* Debug */ = {
			isa = XCBuildConfiguration;
			buildSettings = {
				ALWAYS_SEARCH_USER_PATHS = NO;
				CLANG_CXX_LANGUAGE_STANDARD = "gnu++0x";
				CLANG_CXX_LIBRARY = "libc++";
				CLANG_ENABLE_MODULES = YES;
				CLANG_ENABLE_OBJC_ARC = YES;
				CLANG_WARN_BOOL_CONVERSION = YES;
				CLANG_WARN_CONSTANT_CONVERSION = YES;
				CLANG_WARN_DIRECT_OBJC_ISA_USAGE = YES_ERROR;
				CLANG_WARN_EMPTY_BODY = YES;
				CLANG_WARN_ENUM_CONVERSION = YES;
				CLANG_WARN_INT_CONVERSION = YES;
				CLANG_WARN_OBJC_ROOT_CLASS = YES_ERROR;
				CLANG_WARN_UNREACHABLE_CODE = YES;
				CLANG_WARN__DUPLICATE_METHOD_MATCH = YES;
				COPY_PHASE_STRIP = NO;
				DEBUG_INFORMATION_FORMAT = "dwarf-with-dsym";
				ENABLE_STRICT_OBJC_MSGSEND = YES;
				GCC_C_LANGUAGE_STANDARD = gnu99;
				GCC_DYNAMIC_NO_PIC = NO;
				GCC_NO_COMMON_BLOCKS = YES;
				GCC_OPTIMIZATION_LEVEL = 0;
				GCC_PREPROCESSOR_DEFINITIONS = (
					"DEBUG=1",
					"$(inherited)",
				);
				GCC_SYMBOLS_PRIVATE_EXTERN = NO;
				GCC_WARN_64_TO_32_BIT_CONVERSION = YES;
				GCC_WARN_ABOUT_RETURN_TYPE = YES_ERROR;
				GCC_WARN_UNDECLARED_SELECTOR = YES;
				GCC_WARN_UNINITIALIZED_AUTOS = YES_AGGRESSIVE;
				GCC_WARN_UNUSED_FUNCTION = YES;
				GCC_WARN_UNUSED_VARIABLE = YES;
				IPHONEOS_DEPLOYMENT_TARGET = 8.4;
				MTL_ENABLE_DEBUG_INFO = YES;
				ONLY_ACTIVE_ARCH = YES;
				SDKROOT = iphoneos;
			};
			name = Debug;
		};
		ADCE0BAA1B6624A70096683A /* Release */ = {
			isa = XCBuildConfiguration;
			buildSettings = {
				ALWAYS_SEARCH_USER_PATHS = NO;
				CLANG_CXX_LANGUAGE_STANDARD = "gnu++0x";
				CLANG_CXX_LIBRARY = "libc++";
				CLANG_ENABLE_MODULES = YES;
				CLANG_ENABLE_OBJC_ARC = YES;
				CLANG_WARN_BOOL_CONVERSION = YES;
				CLANG_WARN_CONSTANT_CONVERSION = YES;
				CLANG_WARN_DIRECT_OBJC_ISA_USAGE = YES_ERROR;
				CLANG_WARN_EMPTY_BODY = YES;
				CLANG_WARN_ENUM_CONVERSION = YES;
				CLANG_WARN_INT_CONVERSION = YES;
				CLANG_WARN_OBJC_ROOT_CLASS = YES_ERROR;
				CLANG_WARN_UNREACHABLE_CODE = YES;
				CLANG_WARN__DUPLICATE_METHOD_MATCH = YES;
				COPY_PHASE_STRIP = NO;
				DEBUG_INFORMATION_FORMAT = "dwarf-with-dsym";
				ENABLE_NS_ASSERTIONS = NO;
				ENABLE_STRICT_OBJC_MSGSEND = YES;
				GCC_C_LANGUAGE_STANDARD = gnu99;
				GCC_NO_COMMON_BLOCKS = YES;
				GCC_WARN_64_TO_32_BIT_CONVERSION = YES;
				GCC_WARN_ABOUT_RETURN_TYPE = YES_ERROR;
				GCC_WARN_UNDECLARED_SELECTOR = YES;
				GCC_WARN_UNINITIALIZED_AUTOS = YES_AGGRESSIVE;
				GCC_WARN_UNUSED_FUNCTION = YES;
				GCC_WARN_UNUSED_VARIABLE = YES;
				IPHONEOS_DEPLOYMENT_TARGET = 8.4;
				MTL_ENABLE_DEBUG_INFO = NO;
				SDKROOT = iphoneos;
				VALIDATE_PRODUCT = YES;
			};
			name = Release;
		};
		ADCE0BAC1B6624A70096683A /* Debug */ = {
			isa = XCBuildConfiguration;
			buildSettings = {
				OTHER_LDFLAGS = "-ObjC";
				PRODUCT_NAME = "$(TARGET_NAME)";
				SKIP_INSTALL = YES;
			};
			name = Debug;
		};
		ADCE0BAD1B6624A70096683A /* Release */ = {
			isa = XCBuildConfiguration;
			buildSettings = {
				OTHER_LDFLAGS = "-ObjC";
				PRODUCT_NAME = "$(TARGET_NAME)";
				SKIP_INSTALL = YES;
			};
			name = Release;
		};
		ADCE0BAF1B6624A70096683A /* Debug */ = {
			isa = XCBuildConfiguration;
			buildSettings = {
				"CODE_SIGN_IDENTITY[sdk=iphoneos*]" = "iPhone Developer";
				FRAMEWORK_SEARCH_PATHS = (
					"$(SDKROOT)/Developer/Library/Frameworks",
					"$(inherited)",
				);
				GCC_PREPROCESSOR_DEFINITIONS = (
					"DEBUG=1",
					"$(inherited)",
				);
				INFOPLIST_FILE = CBTableViewControllerTests/Info.plist;
				LD_RUNPATH_SEARCH_PATHS = "$(inherited) @executable_path/Frameworks @loader_path/Frameworks";
				PRODUCT_NAME = "$(TARGET_NAME)";
			};
			name = Debug;
		};
		ADCE0BB01B6624A70096683A /* Release */ = {
			isa = XCBuildConfiguration;
			buildSettings = {
				"CODE_SIGN_IDENTITY[sdk=iphoneos*]" = "iPhone Developer";
				FRAMEWORK_SEARCH_PATHS = (
					"$(SDKROOT)/Developer/Library/Frameworks",
					"$(inherited)",
				);
				INFOPLIST_FILE = CBTableViewControllerTests/Info.plist;
				LD_RUNPATH_SEARCH_PATHS = "$(inherited) @executable_path/Frameworks @loader_path/Frameworks";
				PRODUCT_NAME = "$(TARGET_NAME)";
			};
			name = Release;
		};
/* End XCBuildConfiguration section */

/* Begin XCConfigurationList section */
		ADCE0B921B6624A70096683A /* Build configuration list for PBXProject "CBTableViewController" */ = {
			isa = XCConfigurationList;
			buildConfigurations = (
				ADCE0BA91B6624A70096683A /* Debug */,
				ADCE0BAA1B6624A70096683A /* Release */,
			);
			defaultConfigurationIsVisible = 0;
			defaultConfigurationName = Release;
		};
		ADCE0BAB1B6624A70096683A /* Build configuration list for PBXNativeTarget "CBTableViewController" */ = {
			isa = XCConfigurationList;
			buildConfigurations = (
				ADCE0BAC1B6624A70096683A /* Debug */,
				ADCE0BAD1B6624A70096683A /* Release */,
			);
			defaultConfigurationIsVisible = 0;
		};
		ADCE0BAE1B6624A70096683A /* Build configuration list for PBXNativeTarget "CBTableViewControllerTests" */ = {
			isa = XCConfigurationList;
			buildConfigurations = (
				ADCE0BAF1B6624A70096683A /* Debug */,
				ADCE0BB01B6624A70096683A /* Release */,
			);
			defaultConfigurationIsVisible = 0;
		};
/* End XCConfigurationList section */
	};
	rootObject = ADCE0B8F1B6624A70096683A /* Project object */;
}
